
Microsoft Visual Studio Solution File, Format Version 12.00
# Visual Studio Version 17
VisualStudioVersion = 17.5.33627.172
MinimumVisualStudioVersion = 10.0.40219.1
Project("{F184B08F-C81C-45F6-A57F-5ABD9991F28F}") = "EjemploDo-While", "EjemploDo-While\EjemploDo-While.vbproj", "{807E5566-0A68-42DF-9BE4-C2F8E30F01BC}"
EndProject
Global
	GlobalSection(SolutionConfigurationPlatforms) = preSolution
		Debug|Any CPU = Debug|Any CPU
		Release|Any CPU = Release|Any CPU
	EndGlobalSection
	GlobalSection(ProjectConfigurationPlatforms) = postSolution
		{807E5566-0A68-42DF-9BE4-C2F8E30F01BC}.Debug|Any CPU.ActiveCfg = Debug|Any CPU
		{807E5566-0A68-42DF-9BE4-C2F8E30F01BC}.Debug|Any CPU.Build.0 = Debug|Any CPU
		{807E5566-0A68-42DF-9BE4-C2F8E30F01BC}.Release|Any CPU.ActiveCfg = Release|Any CPU
		{807E5566-0A68-42DF-9BE4-C2F8E30F01BC}.Release|Any CPU.Build.0 = Release|Any CPU
	EndGlobalSection
	GlobalSection(SolutionProperties) = preSolution
		HideSolutionNode = FALSE
	EndGlobalSection
	GlobalSection(ExtensibilityGlobals) = postSolution
		SolutionGuid = {4CB87DAA-3EEA-40BD-9BA9-BDA57E605697}
	EndGlobalSection
EndGlobal
